// !$*UTF8*$!
{
	archiveVersion = 1;
	classes = {
	};
	objectVersion = 48;
	objects = {

/* Begin PBXBuildFile section */
		CB531B181F99AB4C00E2018D /* AppDelegate.swift in Sources */ = {isa = PBXBuildFile; fileRef = CB531B171F99AB4C00E2018D /* AppDelegate.swift */; };
		CB531B1A1F99AB4C00E2018D /* ViewController.swift in Sources */ = {isa = PBXBuildFile; fileRef = CB531B191F99AB4C00E2018D /* ViewController.swift */; };
		CB531B1D1F99AB4C00E2018D /* Main.storyboard in Resources */ = {isa = PBXBuildFile; fileRef = CB531B1B1F99AB4C00E2018D /* Main.storyboard */; };
		CB531B1F1F99AB4C00E2018D /* Assets.xcassets in Resources */ = {isa = PBXBuildFile; fileRef = CB531B1E1F99AB4C00E2018D /* Assets.xcassets */; };
		CB531B221F99AB4C00E2018D /* LaunchScreen.storyboard in Resources */ = {isa = PBXBuildFile; fileRef = CB531B201F99AB4C00E2018D /* LaunchScreen.storyboard */; };
		CBAD81671FA2F9390034A7C6 /* HistoryViewController.swift in Sources */ = {isa = PBXBuildFile; fileRef = CBAD81661FA2F9390034A7C6 /* HistoryViewController.swift */; };
/* End PBXBuildFile section */

/* Begin PBXFileReference section */
		CB531B141F99AB4C00E2018D /* simple-calc-ios.app */ = {isa = PBXFileReference; explicitFileType = wrapper.application; includeInIndex = 0; path = "simple-calc-ios.app"; sourceTree = BUILT_PRODUCTS_DIR; };
		CB531B171F99AB4C00E2018D /* AppDelegate.swift */ = {isa = PBXFileReference; lastKnownFileType = sourcecode.swift; path = AppDelegate.swift; sourceTree = "<group>"; };
		CB531B191F99AB4C00E2018D /* ViewController.swift */ = {isa = PBXFileReference; lastKnownFileType = sourcecode.swift; path = ViewController.swift; sourceTree = "<group>"; };
		CB531B1C1F99AB4C00E2018D /* Base */ = {isa = PBXFileReference; lastKnownFileType = file.storyboard; name = Base; path = Base.lproj/Main.storyboard; sourceTree = "<group>"; };
		CB531B1E1F99AB4C00E2018D /* Assets.xcassets */ = {isa = PBXFileReference; lastKnownFileType = folder.assetcatalog; path = Assets.xcassets; sourceTree = "<group>"; };
		CB531B211F99AB4C00E2018D /* Base */ = {isa = PBXFileReference; lastKnownFileType = file.storyboard; name = Base; path = Base.lproj/LaunchScreen.storyboard; sourceTree = "<group>"; };
		CB531B231F99AB4C00E2018D /* Info.plist */ = {isa = PBXFileReference; lastKnownFileType = text.plist.xml; path = Info.plist; sourceTree = "<group>"; };
		CBAD81661FA2F9390034A7C6 /* HistoryViewController.swift */ = {isa = PBXFileReference; lastKnownFileType = sourcecode.swift; path = HistoryViewController.swift; sourceTree = "<group>"; };
/* End PBXFileReference section */

/* Begin PBXFrameworksBuildPhase section */
		CB531B111F99AB4C00E2018D /* Frameworks */ = {
			isa = PBXFrameworksBuildPhase;
			buildActionMask = 2147483647;
			files = (
			);
			runOnlyForDeploymentPostprocessing = 0;
		};
/* End PBXFrameworksBuildPhase section */

/* Begin PBXGroup section */
		CB531B0B1F99AB4C00E2018D = {
			isa = PBXGroup;
			children = (
				CB531B161F99AB4C00E2018D /* simple-calc-ios */,
				CB531B151F99AB4C00E2018D /* Products */,
			);
			sourceTree = "<group>";
		};
		CB531B151F99AB4C00E2018D /* Products */ = {
			isa = PBXGroup;
			children = (
				CB531B141F99AB4C00E2018D /* simple-calc-ios.app */,
			);
			name = Products;
			sourceTree = "<group>";
		};
		CB531B161F99AB4C00E2018D /* simple-calc-ios */ = {
			isa = PBXGroup;
			children = (
				CB531B171F99AB4C00E2018D /* AppDelegate.swift */,
				CB531B191F99AB4C00E2018D /* ViewController.swift */,
				CB531B1E1F99AB4C00E2018D /* Assets.xcassets */,
				CB531B1B1F99AB4C00E2018D /* Main.storyboard */,
				CB531B201F99AB4C00E2018D /* LaunchScreen.storyboard */,
				CB531B231F99AB4C00E2018D /* Info.plist */,
				CBAD81661FA2F9390034A7C6 /* HistoryViewController.swift */,
			);
			path = "simple-calc-ios";
			sourceTree = "<group>";
		};
/* End PBXGroup section */

/* Begin PBXNativeTarget section */
		CB531B131F99AB4C00E2018D /* simple-calc-ios */ = {
			isa = PBXNativeTarget;
			buildConfigurationList = CB531B261F99AB4C00E2018D /* Build configuration list for PBXNativeTarget "simple-calc-ios" */;
			buildPhases = (
				CB531B101F99AB4C00E2018D /* Sources */,
				CB531B111F99AB4C00E2018D /* Frameworks */,
				CB531B121F99AB4C00E2018D /* Resources */,
			);
			buildRules = (
			);
			dependencies = (
			);
			name = "simple-calc-ios";
			productName = "simple-calc-ios";
			productReference = CB531B141F99AB4C00E2018D /* simple-calc-ios.app */;
			productType = "com.apple.product-type.application";
		};
/* End PBXNativeTarget section */

/* Begin PBXProject section */
		CB531B0C1F99AB4C00E2018D /* Project object */ = {
			isa = PBXProject;
			attributes = {
				LastSwiftUpdateCheck = 0900;
				LastUpgradeCheck = 0900;
				ORGANIZATIONNAME = "Xinyue Chen";
				TargetAttributes = {
					CB531B131F99AB4C00E2018D = {
						CreatedOnToolsVersion = 9.0;
						ProvisioningStyle = Automatic;
					};
				};
			};
			buildConfigurationList = CB531B0F1F99AB4C00E2018D /* Build configuration list for PBXProject "simple-calc-ios" */;
			compatibilityVersion = "Xcode 8.0";
			developmentRegion = en;
			hasScannedForEncodings = 0;
			knownRegions = (
				en,
				Base,
			);
			mainGroup = CB531B0B1F99AB4C00E2018D;
			productRefGroup = CB531B151F99AB4C00E2018D /* Products */;
			projectDirPath = "";
			projectRoot = "";
			targets = (
				CB531B131F99AB4C00E2018D /* simple-calc-ios */,
			);
		};
/* End PBXProject section */

/* Begin PBXResourcesBuildPhase section */
		CB531B121F99AB4C00E2018D /* Resources */ = {
			isa = PBXResourcesBuildPhase;
			buildActionMask = 2147483647;
			files = (
				CB531B221F99AB4C00E2018D /* LaunchScreen.storyboard in Resources */,
				CB531B1F1F99AB4C00E2018D /* Assets.xcassets in Resources */,
				CB531B1D1F99AB4C00E2018D /* Main.storyboard in Resources */,
			);
			runOnlyForDeploymentPostprocessing = 0;
		};
/* End PBXResourcesBuildPhase section */

/* Begin PBXSourcesBuildPhase section */
		CB531B101F99AB4C00E2018D /* Sources */ = {
			isa = PBXSourcesBuildPhase;
			buildActionMask = 2147483647;
			files = (
				CBAD81671FA2F9390034A7C6 /* HistoryViewController.swift in Sources */,
				CB531B1A1F99AB4C00E2018D /* ViewController.swift in Sources */,
				CB531B181F99AB4C00E2018D /* AppDelegate.swift in Sources */,
			);
			runOnlyForDeploymentPostprocessing = 0;
		};
/* End PBXSourcesBuildPhase section */

/* Begin PBXVariantGroup section */
		CB531B1B1F99AB4C00E2018D /* Main.storyboard */ = {
			isa = PBXVariantGroup;
			children = (
				CB531B1C1F99AB4C00E2018D /* Base */,
			);
			name = Main.storyboard;
			sourceTree = "<group>";
		};
		CB531B201F99AB4C00E2018D /* LaunchScreen.storyboard */ = {
			isa = PBXVariantGroup;
			children = (
				CB531B211F99AB4C00E2018D /* Base */,
			);
			name = LaunchScreen.storyboard;
			sourceTree = "<group>";
		};
/* End PBXVariantGroup section */

/* Begin XCBuildConfiguration section */
		CB531B241F99AB4C00E2018D /* Debug */ = {
			isa = XCBuildConfiguration;
			buildSettings = {
				ALWAYS_SEARCH_USER_PATHS = NO;
				CLANG_ANALYZER_NONNULL = YES;
				CLANG_ANALYZER_NUMBER_OBJECT_CONVERSION = YES_AGGRESSIVE;
				CLANG_CXX_LANGUAGE_STANDARD = "gnu++14";
				CLANG_CXX_LIBRARY = "libc++";
				CLANG_ENABLE_MODULES = YES;
				CLANG_ENABLE_OBJC_ARC = YES;
				CLANG_WARN_BLOCK_CAPTURE_AUTORELEASING = YES;
				CLANG_WARN_BOOL_CONVERSION = YES;
				CLANG_WARN_COMMA = YES;
				CLANG_WARN_CONSTANT_CONVERSION = YES;
				CLANG_WARN_DIRECT_OBJC_ISA_USAGE = YES_ERROR;
				CLANG_WARN_DOCUMENTATION_COMMENTS = YES;
				CLANG_WARN_EMPTY_BODY = YES;
				CLANG_WARN_ENUM_CONVERSION = YES;
				CLANG_WARN_INFINITE_RECURSION = YES;
				CLANG_WARN_INT_CONVERSION = YES;
				CLANG_WARN_NON_LITERAL_NULL_CONVERSION = YES;
				CLANG_WARN_OBJC_LITERAL_CONVERSION = YES;
				CLANG_WARN_OBJC_ROOT_CLASS = YES_ERROR;
				CLANG_WARN_RANGE_LOOP_ANALYSIS = YES;
				CLANG_WARN_STRICT_PROTOTYPES = YES;
				CLANG_WARN_SUSPICIOUS_MOVE = YES;
				CLANG_WARN_UNGUARDED_AVAILABILITY = YES_AGGRESSIVE;
				CLANG_WARN_UNREACHABLE_CODE = YES;
				CLANG_WARN__DUPLICATE_METHOD_MATCH = YES;
				CODE_SIGN_IDENTITY = "iPhone Developer";
				COPY_PHASE_STRIP = NO;
				DEBUG_INFORMATION_FORMAT = dwarf;
				ENABLE_STRICT_OBJC_MSGSEND = YES;
				ENABLE_TESTABILITY = YES;
				GCC_C_LANGUAGE_STANDARD = gnu11;
				GCC_DYNAMIC_NO_PIC = NO;
				GCC_NO_COMMON_BLOCKS = YES;
				GCC_OPTIMIZATION_LEVEL = 0;
				GCC_PREPROCESSOR_DEFINITIONS = (
					"DEBUG=1",
					"$(inherited)",
				);
				GCC_WARN_64_TO_32_BIT_CONVERSION = YES;
				GCC_WARN_ABOUT_RETURN_TYPE = YES_ERROR;
				GCC_WARN_UNDECLARED_SELECTOR = YES;
				GCC_WARN_UNINITIALIZED_AUTOS = YES_AGGRESSIVE;
				GCC_WARN_UNUSED_FUNCTION = YES;
				GCC_WARN_UNUSED_VARIABLE = YES;
				IPHONEOS_DEPLOYMENT_TARGET = 11.0;
				MTL_ENABLE_DEBUG_INFO = YES;
				ONLY_ACTIVE_ARCH = YES;
				SDKROOT = iphoneos;
				SWIFT_ACTIVE_COMPILATION_CONDITIONS = DEBUG;
				SWIFT_OPTIMIZATION_LEVEL = "-Onone";
			};
			name = Debug;
		};
		CB531B251F99AB4C00E2018D /* Release */ = {
			isa = XCBuildConfiguration;
			buildSettings = {
				ALWAYS_SEARCH_USER_PATHS = NO;
				CLANG_ANALYZER_NONNULL = YES;
				CLANG_ANALYZER_NUMBER_OBJECT_CONVERSION = YES_AGGRESSIVE;
				CLANG_CXX_LANGUAGE_STANDARD = "gnu++14";
				CLANG_CXX_LIBRARY = "libc++";
				CLANG_ENABLE_MODULES = YES;
				CLANG_ENABLE_OBJC_ARC = YES;
				CLANG_WARN_BLOCK_CAPTURE_AUTORELEASING = YES;
				CLANG_WARN_BOOL_CONVERSION = YES;
				CLANG_WARN_COMMA = YES;
				CLANG_WARN_CONSTANT_CONVERSION = YES;
				CLANG_WARN_DIRECT_OBJC_ISA_USAGE = YES_ERROR;
				CLANG_WARN_DOCUMENTATION_COMMENTS = YES;
				CLANG_WARN_EMPTY_BODY = YES;
				CLANG_WARN_ENUM_CONVERSION = YES;
				CLANG_WARN_INFINITE_RECURSION = YES;
				CLANG_WARN_INT_CONVERSION = YES;
				CLANG_WARN_NON_LITERAL_NULL_CONVERSION = YES;
				CLANG_WARN_OBJC_LITERAL_CONVERSION = YES;
				CLANG_WARN_OBJC_ROOT_CLASS = YES_ERROR;
				CLANG_WARN_RANGE_LOOP_ANALYSIS = YES;
				CLANG_WARN_STRICT_PROTOTYPES = YES;
				CLANG_WARN_SUSPICIOUS_MOVE = YES;
				CLANG_WARN_UNGUARDED_AVAILABILITY = YES_AGGRESSIVE;
				CLANG_WARN_UNREACHABLE_CODE = YES;
				CLANG_WARN__DUPLICATE_METHOD_MATCH = YES;
				CODE_SIGN_IDENTITY = "iPhone Developer";
				COPY_PHASE_STRIP = NO;
				DEBUG_INFORMATION_FORMAT = "dwarf-with-dsym";
				ENABLE_NS_ASSERTIONS = NO;
				ENABLE_STRICT_OBJC_MSGSEND = YES;
				GCC_C_LANGUAGE_STANDARD = gnu11;
				GCC_NO_COMMON_BLOCKS = YES;
				GCC_WARN_64_TO_32_BIT_CONVERSION = YES;
				GCC_WARN_ABOUT_RETURN_TYPE = YES_ERROR;
				GCC_WARN_UNDECLARED_SELECTOR = YES;
				GCC_WARN_UNINITIALIZED_AUTOS = YES_AGGRESSIVE;
				GCC_WARN_UNUSED_FUNCTION = YES;
				GCC_WARN_UNUSED_VARIABLE = YES;
				IPHONEOS_DEPLOYMENT_TARGET = 11.0;
				MTL_ENABLE_DEBUG_INFO = NO;
				SDKROOT = iphoneos;
				SWIFT_OPTIMIZATION_LEVEL = "-Owholemodule";
				VALIDATE_PRODUCT = YES;
			};
			name = Release;
		};
		CB531B271F99AB4C00E2018D /* Debug */ = {
			isa = XCBuildConfiguration;
			buildSettings = {
				ASSETCATALOG_COMPILER_APPICON_NAME = AppIcon;
				CODE_SIGN_STYLE = Automatic;
				DEVELOPMENT_TEAM = NPCKW7G2BM;
				INFOPLIST_FILE = "simple-calc-ios/Info.plist";
				LD_RUNPATH_SEARCH_PATHS = "$(inherited) @executable_path/Frameworks";
				PRODUCT_BUNDLE_IDENTIFIER = "edu.uw.ischool.simple-calc-ios";
				PRODUCT_NAME = "$(TARGET_NAME)";
				SWIFT_VERSION = 4.0;
				TARGETED_DEVICE_FAMILY = "1,2";
			};
			name = Debug;
		};
		CB531B281F99AB4C00E2018D /* Release */ = {
			isa = XCBuildConfiguration;
			buildSettings = {
				ASSETCATALOG_COMPILER_APPICON_NAME = AppIcon;
				CODE_SIGN_STYLE = Automatic;
				DEVELOPMENT_TEAM = NPCKW7G2BM;
				INFOPLIST_FILE = "simple-calc-ios/Info.plist";
				LD_RUNPATH_SEARCH_PATHS = "$(inherited) @executable_path/Frameworks";
				PRODUCT_BUNDLE_IDENTIFIER = "edu.uw.ischool.simple-calc-ios";
				PRODUCT_NAME = "$(TARGET_NAME)";
				SWIFT_VERSION = 4.0;
				TARGETED_DEVICE_FAMILY = "1,2";
			};
			name = Release;
		};
/* End XCBuildConfiguration section */

/* Begin XCConfigurationList section */
		CB531B0F1F99AB4C00E2018D /* Build configuration list for PBXProject "simple-calc-ios" */ = {
			isa = XCConfigurationList;
			buildConfigurations = (
				CB531B241F99AB4C00E2018D /* Debug */,
				CB531B251F99AB4C00E2018D /* Release */,
			);
			defaultConfigurationIsVisible = 0;
			defaultConfigurationName = Release;
		};
		CB531B261F99AB4C00E2018D /* Build configuration list for PBXNativeTarget "simple-calc-ios" */ = {
			isa = XCConfigurationList;
			buildConfigurations = (
				CB531B271F99AB4C00E2018D /* Debug */,
				CB531B281F99AB4C00E2018D /* Release */,
			);
			defaultConfigurationIsVisible = 0;
			defaultConfigurationName = Release;
		};
/* End XCConfigurationList section */
	};
	rootObject = CB531B0C1F99AB4C00E2018D /* Project object */;
}
